# This file is automatically @generated by Cargo.
# It is not intended for manual editing.
version = 4

[[package]]
name = "published-disjoint-mut-audit"
version = "0.0.0"
dependencies = [
 "rav1d-disjoint-mut",
]

[[package]]
name = "rav1d-disjoint-mut"
version = "0.3.1"
source = "registry+https://github.com/rust-lang/crates.io-index"
checksum = "8d5f921332331631dd8716a93d81aef9ac21245da74af62bc14000a4fd7fdbfd"
